{
  "nodes": {
    "agent-skills": {
      "inputs": {
        "home-manager": "home-manager",
        "nixpkgs": "nixpkgs"
      },
      "locked": {
        "lastModified": 1782183570,
        "narHash": "sha256-4LrewbD02WDf0CosGP/yO1yLneTeeJM39SjFa99kSRQ=",
        "owner": "Kyure-A",
        "repo": "agent-skills-nix",
        "rev": "fe867fe7be3a55d939746b278194deee4814fb08",
        "type": "github"
      },
      "original": {
        "owner": "Kyure-A",
        "repo": "agent-skills-nix",
        "type": "github"
      }
    },
    "apollo-skills": {
      "flake": false,
      "locked": {
        "lastModified": 1780589749,
        "narHash": "sha256-UW2HLQ8L6klCAdqmtzCyZbCjphbCvIbvPpbCEo+CDko=",
        "owner": "apollographql",
        "repo": "skills",
        "rev": "605089108a198e412f7f0c1926c91eb94a6d1727",
        "type": "github"
      },
      "original": {
        "owner": "apollographql",
        "repo": "skills",
        "type": "github"
      }
    },
    "everything-claude-code": {
      "flake": false,
      "locked": {
        "lastModified": 1782002957,
        "narHash": "sha256-6y0UuhaQGv+8ef342kGnsVttxvbEAqUnx9wuZHhZsCA=",
        "owner": "affaan-m",
        "repo": "everything-claude-code",
        "rev": "71d22d0a77b7e0684f4e51cba03749b788993cdb",
        "type": "github"
      },
      "original": {
        "owner": "affaan-m",
        "repo": "everything-claude-code",
        "type": "github"
      }
    },
    "flake-utils": {
      "inputs": {
        "systems": "systems"
      },
      "locked": {
        "lastModified": 1731533236,
        "narHash": "sha256-l0KFg5HjrsfsO/JpG+r7fRrqm12kzFHyUHqHCVpMMbI=",
        "owner": "numtide",
        "repo": "flake-utils",
        "rev": "11707dc2f618dd54ca8739b309ec4fc024de578b",
        "type": "github"
      },
      "original": {
        "owner": "numtide",
        "repo": "flake-utils",
        "type": "github"
      }
    },
    "home-manager": {
      "inputs": {
        "nixpkgs": [
          "agent-skills",
          "nixpkgs"
        ]
      },
      "locked": {
        "lastModified": 1782100728,
        "narHash": "sha256-YTyPsWf6ieaU6j/gJ+i7ERXKC7DEJC8BxUcAubx2SVQ=",
        "owner": "nix-community",
        "repo": "home-manager",
        "rev": "f3dc0b85833c6c9946ad1349ab810d07e0bdf761",
        "type": "github"
      },
      "original": {
        "owner": "nix-community",
        "repo": "home-manager",
        "type": "github"
      }
    },
    "nixpkgs": {
      "locked": {
        "lastModified": 1781577229,
        "narHash": "sha256-lrp67w8AulE9Ks53n27I45ADSzbOCn4H+CNW1Ck8B+8=",
        "owner": "NixOS",
        "repo": "nixpkgs",
        "rev": "567a49d1913ce81ac6e9582e3553dd90a955875f",
        "type": "github"
      },
      "original": {
        "owner": "NixOS",
        "ref": "nixos-unstable",
        "repo": "nixpkgs",
        "type": "github"
      }
    },
    "nixpkgs_2": {
      "locked": {
        "lastModified": 1781577229,
        "narHash": "sha256-lrp67w8AulE9Ks53n27I45ADSzbOCn4H+CNW1Ck8B+8=",
        "owner": "NixOS",
        "repo": "nixpkgs",
        "rev": "567a49d1913ce81ac6e9582e3553dd90a955875f",
        "type": "github"
      },
      "original": {
        "owner": "NixOS",
        "ref": "nixos-unstable",
        "repo": "nixpkgs",
        "type": "github"
      }
    },
    "nixpkgs_3": {
      "locked": {
        "lastModified": 1744536153,
        "narHash": "sha256-awS2zRgF4uTwrOKwwiJcByDzDOdo3Q1rPZbiHQg/N38=",
        "owner": "NixOS",
        "repo": "nixpkgs",
        "rev": "18dd725c29603f582cf1900e0d25f9f1063dbf11",
        "type": "github"
      },
      "original": {
        "owner": "NixOS",
        "ref": "nixpkgs-unstable",
        "repo": "nixpkgs",
        "type": "github"
      }
    },
    "root": {
      "inputs": {
        "agent-skills": "agent-skills",
        "apollo-skills": "apollo-skills",
        "everything-claude-code": "everything-claude-code",
        "flake-utils": "flake-utils",
        "nixpkgs": "nixpkgs_2",
        "rust-overlay": "rust-overlay",
        "rust-skills": "rust-skills",
        "wshobson-agents": "wshobson-agents"
      }
    },
    "rust-overlay": {
      "inputs": {
        "nixpkgs": "nixpkgs_3"
      },
      "locked": {
        "lastModified": 1782357464,
        "narHash": "sha256-mXgoT1qDHCdSfF9IvhMtEEFNy9dxrmUfSViwP7RpzOQ=",
        "owner": "oxalica",
        "repo": "rust-overlay",
        "rev": "77a8263847fb02dc49dbe377278ef6b952f1c6bb",
        "type": "github"
      },
      "original": {
        "owner": "oxalica",
        "repo": "rust-overlay",
        "type": "github"
      }
    },
    "rust-skills": {
      "flake": false,
      "locked": {
        "lastModified": 1779665610,
        "narHash": "sha256-OPvcLvHqWwBTolIvQU9YP8Fl/Ntsjo5OP4Y6g8Hy/Dw=",
        "owner": "actionbook",
        "repo": "rust-skills",
        "rev": "fa60f7931223646fb71c4586b4a6c8545016076a",
        "type": "github"
      },
      "original": {
        "owner": "actionbook",
        "repo": "rust-skills",
        "type": "github"
      }
    },
    "systems": {
      "locked": {
        "lastModified": 1681028828,
        "narHash": "sha256-Vy1rq5AaRuLzOxct8nz4T6wlgyUR7zLU309k9mBC768=",
        "owner": "nix-systems",
        "repo": "default",
        "rev": "da67096a3b9bf56a91d16901293e51ba5b49a27e",
        "type": "github"
      },
      "original": {
        "owner": "nix-systems",
        "repo": "default",
        "type": "github"
      }
    },
    "wshobson-agents": {
      "flake": false,
      "locked": {
        "lastModified": 1782356743,
        "narHash": "sha256-4/07YnSyw2WXbtLPfg3pamgTfjXs4KWnWbLgUxOzaRo=",
        "owner": "wshobson",
        "repo": "agents",
        "rev": "2b48f1690c5f60070b56d97ed6d93bded989dc73",
        "type": "github"
      },
      "original": {
        "owner": "wshobson",
        "repo": "agents",
        "type": "github"
      }
    }
  },
  "root": "root",
  "version": 7
}
